
Microsoft Visual Studio Solution File, Format Version 12.00
# Visual Studio Version 17
VisualStudioVersion = 17.12.35527.113
MinimumVisualStudioVersion = 10.0.40219.1
Project("{2150E333-8FDC-42A3-9474-1A3956D46DE8}") = "SRC", "SRC", "{29889AAC-0071-420F-8D1E-B28B08AFD659}"
EndProject
Project("{2150E333-8FDC-42A3-9474-1A3956D46DE8}") = "FrameWorks", "FrameWorks", "{D6EDF70A-45B7-48B2-9B28-F8740887CA9B}"
EndProject
Project("{2150E333-8FDC-42A3-9474-1A3956D46DE8}") = "01-Domain", "01-Domain", "{261B2A9E-7C2C-4508-AE91-75981CB67F1E}"
EndProject
Project("{2150E333-8FDC-42A3-9474-1A3956D46DE8}") = "02-Infrastructure", "02-Infrastructure", "{F05DEA39-8E1F-499B-B1FA-7E22BB814B35}"
EndProject
Project("{2150E333-8FDC-42A3-9474-1A3956D46DE8}") = "03-EndPoint", "03-EndPoint", "{2EDED375-0A83-48C4-83BE-70474D1A44D3}"
EndProject
Project("{FAE04EC0-301F-11D3-BF4B-00C04F79EFBC}") = "HomeService.Domain.Core", "HomeService.Domain.Core\HomeService.Domain.Core.csproj", "{F6BB3BA8-EE56-480C-97B1-FD33DA1BE6E1}"
EndProject
Project("{2150E333-8FDC-42A3-9474-1A3956D46DE8}") = "Core", "Core", "{FE0A82B0-90E4-42C5-B1B9-981B8E9D8B14}"
EndProject
Project("{2150E333-8FDC-42A3-9474-1A3956D46DE8}") = "Services", "Services", "{087057F9-AF14-4BD7-B06F-8F83667DF8EC}"
EndProject
Project("{FAE04EC0-301F-11D3-BF4B-00C04F79EFBC}") = "App.Domain.Service", "App.Domain.Service\App.Domain.Service.csproj", "{5DFA44A9-05A1-4772-9DAF-E8D67E634E05}"
EndProject
Project("{FAE04EC0-301F-11D3-BF4B-00C04F79EFBC}") = "App.Domain.AppService", "App.Domain.AppService\App.Domain.AppService.csproj", "{61C286DC-8B6A-4873-8A46-C08DA3BE6617}"
EndProject
Project("{2150E333-8FDC-42A3-9474-1A3956D46DE8}") = "DataAccess", "DataAccess", "{A9EF15A6-DA2A-46D6-8F2B-05B05B2224E0}"
EndProject
Project("{2150E333-8FDC-42A3-9474-1A3956D46DE8}") = "DataBase", "DataBase", "{5F9ED229-9B01-4900-940A-A68B8872B6AB}"
EndProject
Project("{FAE04EC0-301F-11D3-BF4B-00C04F79EFBC}") = "App.Infra.DataAccess.Repo.EF", "App.Infra.DataAccess.Repo.EF\App.Infra.DataAccess.Repo.EF.csproj", "{C6E0BE68-47F7-456E-BF2E-08E72D155749}"
EndProject
Project("{FAE04EC0-301F-11D3-BF4B-00C04F79EFBC}") = "App.Infra.DB.SQLServer.EF", "App.Infra.DB.SQLServer.EF\App.Infra.DB.SQLServer.EF.csproj", "{012CAC62-9C16-48B3-B339-9284C6BEA93B}"
EndProject
Project("{FAE04EC0-301F-11D3-BF4B-00C04F79EFBC}") = "HomeService.EndPoint.MVC", "HomeService.EndPoint.MVC\HomeService.EndPoint.MVC.csproj", "{66497C2F-79C8-4986-B443-C35A7E8AC344}"
EndProject
Project("{FAE04EC0-301F-11D3-BF4B-00C04F79EFBC}") = "FrameWorks", "FrameWorks\FrameWorks.csproj", "{1F57EA7B-C254-46D5-BA87-890DCDACEE6A}"
EndProject
Global
	GlobalSection(SolutionConfigurationPlatforms) = preSolution
		Debug|Any CPU = Debug|Any CPU
		Release|Any CPU = Release|Any CPU
	EndGlobalSection
	GlobalSection(ProjectConfigurationPlatforms) = postSolution
		{F6BB3BA8-EE56-480C-97B1-FD33DA1BE6E1}.Debug|Any CPU.ActiveCfg = Debug|Any CPU
		{F6BB3BA8-EE56-480C-97B1-FD33DA1BE6E1}.Debug|Any CPU.Build.0 = Debug|Any CPU
		{F6BB3BA8-EE56-480C-97B1-FD33DA1BE6E1}.Release|Any CPU.ActiveCfg = Release|Any CPU
		{F6BB3BA8-EE56-480C-97B1-FD33DA1BE6E1}.Release|Any CPU.Build.0 = Release|Any CPU
		{5DFA44A9-05A1-4772-9DAF-E8D67E634E05}.Debug|Any CPU.ActiveCfg = Debug|Any CPU
		{5DFA44A9-05A1-4772-9DAF-E8D67E634E05}.Debug|Any CPU.Build.0 = Debug|Any CPU
		{5DFA44A9-05A1-4772-9DAF-E8D67E634E05}.Release|Any CPU.ActiveCfg = Release|Any CPU
		{5DFA44A9-05A1-4772-9DAF-E8D67E634E05}.Release|Any CPU.Build.0 = Release|Any CPU
		{61C286DC-8B6A-4873-8A46-C08DA3BE6617}.Debug|Any CPU.ActiveCfg = Debug|Any CPU
		{61C286DC-8B6A-4873-8A46-C08DA3BE6617}.Debug|Any CPU.Build.0 = Debug|Any CPU
		{61C286DC-8B6A-4873-8A46-C08DA3BE6617}.Release|Any CPU.ActiveCfg = Release|Any CPU
		{61C286DC-8B6A-4873-8A46-C08DA3BE6617}.Release|Any CPU.Build.0 = Release|Any CPU
		{C6E0BE68-47F7-456E-BF2E-08E72D155749}.Debug|Any CPU.ActiveCfg = Debug|Any CPU
		{C6E0BE68-47F7-456E-BF2E-08E72D155749}.Debug|Any CPU.Build.0 = Debug|Any CPU
		{C6E0BE68-47F7-456E-BF2E-08E72D155749}.Release|Any CPU.ActiveCfg = Release|Any CPU
		{C6E0BE68-47F7-456E-BF2E-08E72D155749}.Release|Any CPU.Build.0 = Release|Any CPU
		{012CAC62-9C16-48B3-B339-9284C6BEA93B}.Debug|Any CPU.ActiveCfg = Debug|Any CPU
		{012CAC62-9C16-48B3-B339-9284C6BEA93B}.Debug|Any CPU.Build.0 = Debug|Any CPU
		{012CAC62-9C16-48B3-B339-9284C6BEA93B}.Release|Any CPU.ActiveCfg = Release|Any CPU
		{012CAC62-9C16-48B3-B339-9284C6BEA93B}.Release|Any CPU.Build.0 = Release|Any CPU
		{66497C2F-79C8-4986-B443-C35A7E8AC344}.Debug|Any CPU.ActiveCfg = Debug|Any CPU
		{66497C2F-79C8-4986-B443-C35A7E8AC344}.Debug|Any CPU.Build.0 = Debug|Any CPU
		{66497C2F-79C8-4986-B443-C35A7E8AC344}.Release|Any CPU.ActiveCfg = Release|Any CPU
		{66497C2F-79C8-4986-B443-C35A7E8AC344}.Release|Any CPU.Build.0 = Release|Any CPU
		{1F57EA7B-C254-46D5-BA87-890DCDACEE6A}.Debug|Any CPU.ActiveCfg = Debug|Any CPU
		{1F57EA7B-C254-46D5-BA87-890DCDACEE6A}.Debug|Any CPU.Build.0 = Debug|Any CPU
		{1F57EA7B-C254-46D5-BA87-890DCDACEE6A}.Release|Any CPU.ActiveCfg = Release|Any CPU
		{1F57EA7B-C254-46D5-BA87-890DCDACEE6A}.Release|Any CPU.Build.0 = Release|Any CPU
	EndGlobalSection
	GlobalSection(SolutionProperties) = preSolution
		HideSolutionNode = FALSE
	EndGlobalSection
	GlobalSection(NestedProjects) = preSolution
		{261B2A9E-7C2C-4508-AE91-75981CB67F1E} = {29889AAC-0071-420F-8D1E-B28B08AFD659}
		{F05DEA39-8E1F-499B-B1FA-7E22BB814B35} = {29889AAC-0071-420F-8D1E-B28B08AFD659}
		{2EDED375-0A83-48C4-83BE-70474D1A44D3} = {29889AAC-0071-420F-8D1E-B28B08AFD659}
		{F6BB3BA8-EE56-480C-97B1-FD33DA1BE6E1} = {FE0A82B0-90E4-42C5-B1B9-981B8E9D8B14}
		{FE0A82B0-90E4-42C5-B1B9-981B8E9D8B14} = {261B2A9E-7C2C-4508-AE91-75981CB67F1E}
		{087057F9-AF14-4BD7-B06F-8F83667DF8EC} = {261B2A9E-7C2C-4508-AE91-75981CB67F1E}
		{5DFA44A9-05A1-4772-9DAF-E8D67E634E05} = {087057F9-AF14-4BD7-B06F-8F83667DF8EC}
		{61C286DC-8B6A-4873-8A46-C08DA3BE6617} = {087057F9-AF14-4BD7-B06F-8F83667DF8EC}
		{A9EF15A6-DA2A-46D6-8F2B-05B05B2224E0} = {F05DEA39-8E1F-499B-B1FA-7E22BB814B35}
		{5F9ED229-9B01-4900-940A-A68B8872B6AB} = {F05DEA39-8E1F-499B-B1FA-7E22BB814B35}
		{C6E0BE68-47F7-456E-BF2E-08E72D155749} = {A9EF15A6-DA2A-46D6-8F2B-05B05B2224E0}
		{012CAC62-9C16-48B3-B339-9284C6BEA93B} = {5F9ED229-9B01-4900-940A-A68B8872B6AB}
		{66497C2F-79C8-4986-B443-C35A7E8AC344} = {2EDED375-0A83-48C4-83BE-70474D1A44D3}
		{1F57EA7B-C254-46D5-BA87-890DCDACEE6A} = {D6EDF70A-45B7-48B2-9B28-F8740887CA9B}
	EndGlobalSection
EndGlobal
